// !$*UTF8*$!
{
	archiveVersion = 1;
	classes = {
	};
	objectVersion = 56;
	objects = {

/* Begin PBXBuildFile section */
		AAF50A4CAC8E1CBED0F81BE4 /* CatalogStore.swift in Sources */ = {isa = PBXBuildFile; fileRef = F8CE16F65A4D0AC6AF2E2629 /* CatalogStore.swift */; };
		22359FE3A61965B2229868B8 /* FilterStore.swift in Sources */ = {isa = PBXBuildFile; fileRef = E08E81AF0686153C625539CB /* FilterStore.swift */; };
		D71C2E93F560C8505C0144B4 /* LibraryStore.swift in Sources */ = {isa = PBXBuildFile; fileRef = A7BA86039F17C5EB28AA6C18 /* LibraryStore.swift */; };
		0A87DAD7E835F144A2FCFB5B /* Persistence.swift in Sources */ = {isa = PBXBuildFile; fileRef = A6E1B82BE2FB9190303FD7DF /* Persistence.swift */; };
		6A1144B105442AE2E288F589 /* SettingsStore.swift in Sources */ = {isa = PBXBuildFile; fileRef = C5DBD607078213B605590643 /* SettingsStore.swift */; };
		2E4CF32DDADCFCABA7B947B9 /* ThreadStore.swift in Sources */ = {isa = PBXBuildFile; fileRef = 2E7C602DAD1AFF44CE44288D /* ThreadStore.swift */; };
		ED142EFB291E4F2AD74A7762 /* GIFPlayer.swift in Sources */ = {isa = PBXBuildFile; fileRef = 4F7003D2D874520F4606392A /* GIFPlayer.swift */; };
		EF969B5A09588AB3E0312CF1 /* ImageLoader.swift in Sources */ = {isa = PBXBuildFile; fileRef = B9C3877C8FD880001250D38B /* ImageLoader.swift */; };
		9389C1B6D400EA33E0ECAF1A /* MediaSaver.swift in Sources */ = {isa = PBXBuildFile; fileRef = 7DEB8F5DFA2468657C66DAE7 /* MediaSaver.swift */; };
		D22A620E8E7FE371E347B9B2 /* VideoSupport.swift in Sources */ = {isa = PBXBuildFile; fileRef = B9A655187FF8AD54A6ACA630 /* VideoSupport.swift */; };
		2F15229C60559B888B214507 /* Board.swift in Sources */ = {isa = PBXBuildFile; fileRef = AB91938A64245CA13ED52708 /* Board.swift */; };
		F915DFDA2AD0C76683BC3FC1 /* Lenient.swift in Sources */ = {isa = PBXBuildFile; fileRef = A67485C270A9964667034B18 /* Lenient.swift */; };
		AE04BBE9DAC850E084A8108E /* LoadPhase.swift in Sources */ = {isa = PBXBuildFile; fileRef = 57AFA43291BAF9186B836B0E /* LoadPhase.swift */; };
		1D7DE3E1D451D467369E0EF0 /* Post.swift in Sources */ = {isa = PBXBuildFile; fileRef = 235C28F309F016E33E07107D /* Post.swift */; };
		CAAB4EDB9394894C03DAC64B /* Responses.swift in Sources */ = {isa = PBXBuildFile; fileRef = E5EF7FF7A692C98917326B14 /* Responses.swift */; };
		98264E0620B06F7DB9A79F08 /* ChanAPI.swift in Sources */ = {isa = PBXBuildFile; fileRef = A2E3030B10F0FB2915D70377 /* ChanAPI.swift */; };
		4CD5241FDB9F4421A61D52E1 /* ChanError.swift in Sources */ = {isa = PBXBuildFile; fileRef = 246217A7161A64862E6D6684 /* ChanError.swift */; };
		5B53A2E06F788E40AE708E24 /* MediaURL.swift in Sources */ = {isa = PBXBuildFile; fileRef = 231F6FA60539CD9E3EF4BA29 /* MediaURL.swift */; };
		8428B3B7012BAA1575CD6466 /* PolReaderApp.swift in Sources */ = {isa = PBXBuildFile; fileRef = FA364F6C4CA25CECE61EA516 /* PolReaderApp.swift */; };
		D03C0D2DB1E6598C3D29EE45 /* CommentMarkup.swift in Sources */ = {isa = PBXBuildFile; fileRef = BC365C968C6E3DEA544E2BF6 /* CommentMarkup.swift */; };
		AAE89A7ECFBB2BB34D99F697 /* ThreadIndex.swift in Sources */ = {isa = PBXBuildFile; fileRef = 8C60654BFE912BEA208DD668 /* ThreadIndex.swift */; };
		6A08F7BF1BE5DE4F5AEB8832 /* AnimatedImage.swift in Sources */ = {isa = PBXBuildFile; fileRef = 0BA2E217F2727C594D48D22A /* AnimatedImage.swift */; };
		F2D573C8991DB8AF41EF2BE9 /* AttachmentViewer.swift in Sources */ = {isa = PBXBuildFile; fileRef = FD48A640622EB7A352E1CE1E /* AttachmentViewer.swift */; };
		4680830406DC5C60D95F519A /* CatalogScreen.swift in Sources */ = {isa = PBXBuildFile; fileRef = BFF73B4BBA04CD30FC9C1821 /* CatalogScreen.swift */; };
		AC625586480F30F34539D8FC /* CommentBody.swift in Sources */ = {isa = PBXBuildFile; fileRef = B7B000930188C89B0ADCDFC1 /* CommentBody.swift */; };
		C815C381CFC8D5ECD5F515BC /* Navigation.swift in Sources */ = {isa = PBXBuildFile; fileRef = 9446181605A92BD03A9B2EBF /* Navigation.swift */; };
		07547BFBB15DAF37E94DBB5A /* Palette.swift in Sources */ = {isa = PBXBuildFile; fileRef = 9DEB8E6CF0C458BAA6CFDC6E /* Palette.swift */; };
		AC075EB65C8448501E1CAFFC /* PostRow.swift in Sources */ = {isa = PBXBuildFile; fileRef = 788F57A35E7E94779712B92A /* PostRow.swift */; };
		BD9674DF3567F66168AA7A8A /* RemoteImage.swift in Sources */ = {isa = PBXBuildFile; fileRef = F78649B61A19CDABB7052BB5 /* RemoteImage.swift */; };
		8B112E87B79E01E1DFD5FF58 /* RootView.swift in Sources */ = {isa = PBXBuildFile; fileRef = 8E184F84906A6E5AAD2763BD /* RootView.swift */; };
		44675F5965825F5F9B9B116C /* SafariSheet.swift in Sources */ = {isa = PBXBuildFile; fileRef = CAA421E3485606FCB78CBD70 /* SafariSheet.swift */; };
		CF4BA855141D5184061311B0 /* SettingsScreen.swift in Sources */ = {isa = PBXBuildFile; fileRef = E9A714D58463A05EB7CBBF81 /* SettingsScreen.swift */; };
		B36D4738C87BCC8192FB7242 /* StateViews.swift in Sources */ = {isa = PBXBuildFile; fileRef = 8A2063E102914B1823C6AA7E /* StateViews.swift */; };
		285995188BF9D79BA915DEC4 /* ThreadScreen.swift in Sources */ = {isa = PBXBuildFile; fileRef = 1D921D1695CA4ABC8BCC38E8 /* ThreadScreen.swift */; };
		87030A829BE6739C5EC26F26 /* VideoPlayerView.swift in Sources */ = {isa = PBXBuildFile; fileRef = 7F01274D1194327B87617499 /* VideoPlayerView.swift */; };
		70FD0D779D630F8975F8A06E /* WatchedScreen.swift in Sources */ = {isa = PBXBuildFile; fileRef = E460017CA93275D6518B4679 /* WatchedScreen.swift */; };
		7D1DBA83F5517888388F38D2 /* Assets.xcassets in Resources */ = {isa = PBXBuildFile; fileRef = F4520D96AC0EDB42E750BB2B /* Assets.xcassets */; };
/* End PBXBuildFile section */

/* Begin PBXFileReference section */
		F4520D96AC0EDB42E750BB2B /* Assets.xcassets */ = {isa = PBXFileReference; lastKnownFileType = folder.assetcatalog; path = Assets.xcassets; sourceTree = "<group>"; };
		F8CE16F65A4D0AC6AF2E2629 /* CatalogStore.swift */ = {isa = PBXFileReference; lastKnownFileType = sourcecode.swift; path = CatalogStore.swift; sourceTree = "<group>"; };
		E08E81AF0686153C625539CB /* FilterStore.swift */ = {isa = PBXFileReference; lastKnownFileType = sourcecode.swift; path = FilterStore.swift; sourceTree = "<group>"; };
		A7BA86039F17C5EB28AA6C18 /* LibraryStore.swift */ = {isa = PBXFileReference; lastKnownFileType = sourcecode.swift; path = LibraryStore.swift; sourceTree = "<group>"; };
		A6E1B82BE2FB9190303FD7DF /* Persistence.swift */ = {isa = PBXFileReference; lastKnownFileType = sourcecode.swift; path = Persistence.swift; sourceTree = "<group>"; };
		C5DBD607078213B605590643 /* SettingsStore.swift */ = {isa = PBXFileReference; lastKnownFileType = sourcecode.swift; path = SettingsStore.swift; sourceTree = "<group>"; };
		2E7C602DAD1AFF44CE44288D /* ThreadStore.swift */ = {isa = PBXFileReference; lastKnownFileType = sourcecode.swift; path = ThreadStore.swift; sourceTree = "<group>"; };
		12F1C9823B7D241C34392D7F /* Info.plist */ = {isa = PBXFileReference; lastKnownFileType = text.plist.xml; path = Info.plist; sourceTree = "<group>"; };
		4F7003D2D874520F4606392A /* GIFPlayer.swift */ = {isa = PBXFileReference; lastKnownFileType = sourcecode.swift; path = GIFPlayer.swift; sourceTree = "<group>"; };
		B9C3877C8FD880001250D38B /* ImageLoader.swift */ = {isa = PBXFileReference; lastKnownFileType = sourcecode.swift; path = ImageLoader.swift; sourceTree = "<group>"; };
		7DEB8F5DFA2468657C66DAE7 /* MediaSaver.swift */ = {isa = PBXFileReference; lastKnownFileType = sourcecode.swift; path = MediaSaver.swift; sourceTree = "<group>"; };
		B9A655187FF8AD54A6ACA630 /* VideoSupport.swift */ = {isa = PBXFileReference; lastKnownFileType = sourcecode.swift; path = VideoSupport.swift; sourceTree = "<group>"; };
		AB91938A64245CA13ED52708 /* Board.swift */ = {isa = PBXFileReference; lastKnownFileType = sourcecode.swift; path = Board.swift; sourceTree = "<group>"; };
		A67485C270A9964667034B18 /* Lenient.swift */ = {isa = PBXFileReference; lastKnownFileType = sourcecode.swift; path = Lenient.swift; sourceTree = "<group>"; };
		57AFA43291BAF9186B836B0E /* LoadPhase.swift */ = {isa = PBXFileReference; lastKnownFileType = sourcecode.swift; path = LoadPhase.swift; sourceTree = "<group>"; };
		235C28F309F016E33E07107D /* Post.swift */ = {isa = PBXFileReference; lastKnownFileType = sourcecode.swift; path = Post.swift; sourceTree = "<group>"; };
		E5EF7FF7A692C98917326B14 /* Responses.swift */ = {isa = PBXFileReference; lastKnownFileType = sourcecode.swift; path = Responses.swift; sourceTree = "<group>"; };
		A2E3030B10F0FB2915D70377 /* ChanAPI.swift */ = {isa = PBXFileReference; lastKnownFileType = sourcecode.swift; path = ChanAPI.swift; sourceTree = "<group>"; };
		246217A7161A64862E6D6684 /* ChanError.swift */ = {isa = PBXFileReference; lastKnownFileType = sourcecode.swift; path = ChanError.swift; sourceTree = "<group>"; };
		231F6FA60539CD9E3EF4BA29 /* MediaURL.swift */ = {isa = PBXFileReference; lastKnownFileType = sourcecode.swift; path = MediaURL.swift; sourceTree = "<group>"; };
		FA364F6C4CA25CECE61EA516 /* PolReaderApp.swift */ = {isa = PBXFileReference; lastKnownFileType = sourcecode.swift; path = PolReaderApp.swift; sourceTree = "<group>"; };
		BC365C968C6E3DEA544E2BF6 /* CommentMarkup.swift */ = {isa = PBXFileReference; lastKnownFileType = sourcecode.swift; path = CommentMarkup.swift; sourceTree = "<group>"; };
		8C60654BFE912BEA208DD668 /* ThreadIndex.swift */ = {isa = PBXFileReference; lastKnownFileType = sourcecode.swift; path = ThreadIndex.swift; sourceTree = "<group>"; };
		0BA2E217F2727C594D48D22A /* AnimatedImage.swift */ = {isa = PBXFileReference; lastKnownFileType = sourcecode.swift; path = AnimatedImage.swift; sourceTree = "<group>"; };
		FD48A640622EB7A352E1CE1E /* AttachmentViewer.swift */ = {isa = PBXFileReference; lastKnownFileType = sourcecode.swift; path = AttachmentViewer.swift; sourceTree = "<group>"; };
		BFF73B4BBA04CD30FC9C1821 /* CatalogScreen.swift */ = {isa = PBXFileReference; lastKnownFileType = sourcecode.swift; path = CatalogScreen.swift; sourceTree = "<group>"; };
		B7B000930188C89B0ADCDFC1 /* CommentBody.swift */ = {isa = PBXFileReference; lastKnownFileType = sourcecode.swift; path = CommentBody.swift; sourceTree = "<group>"; };
		9446181605A92BD03A9B2EBF /* Navigation.swift */ = {isa = PBXFileReference; lastKnownFileType = sourcecode.swift; path = Navigation.swift; sourceTree = "<group>"; };
		9DEB8E6CF0C458BAA6CFDC6E /* Palette.swift */ = {isa = PBXFileReference; lastKnownFileType = sourcecode.swift; path = Palette.swift; sourceTree = "<group>"; };
		788F57A35E7E94779712B92A /* PostRow.swift */ = {isa = PBXFileReference; lastKnownFileType = sourcecode.swift; path = PostRow.swift; sourceTree = "<group>"; };
		F78649B61A19CDABB7052BB5 /* RemoteImage.swift */ = {isa = PBXFileReference; lastKnownFileType = sourcecode.swift; path = RemoteImage.swift; sourceTree = "<group>"; };
		8E184F84906A6E5AAD2763BD /* RootView.swift */ = {isa = PBXFileReference; lastKnownFileType = sourcecode.swift; path = RootView.swift; sourceTree = "<group>"; };
		CAA421E3485606FCB78CBD70 /* SafariSheet.swift */ = {isa = PBXFileReference; lastKnownFileType = sourcecode.swift; path = SafariSheet.swift; sourceTree = "<group>"; };
		E9A714D58463A05EB7CBBF81 /* SettingsScreen.swift */ = {isa = PBXFileReference; lastKnownFileType = sourcecode.swift; path = SettingsScreen.swift; sourceTree = "<group>"; };
		8A2063E102914B1823C6AA7E /* StateViews.swift */ = {isa = PBXFileReference; lastKnownFileType = sourcecode.swift; path = StateViews.swift; sourceTree = "<group>"; };
		1D921D1695CA4ABC8BCC38E8 /* ThreadScreen.swift */ = {isa = PBXFileReference; lastKnownFileType = sourcecode.swift; path = ThreadScreen.swift; sourceTree = "<group>"; };
		7F01274D1194327B87617499 /* VideoPlayerView.swift */ = {isa = PBXFileReference; lastKnownFileType = sourcecode.swift; path = VideoPlayerView.swift; sourceTree = "<group>"; };
		E460017CA93275D6518B4679 /* WatchedScreen.swift */ = {isa = PBXFileReference; lastKnownFileType = sourcecode.swift; path = WatchedScreen.swift; sourceTree = "<group>"; };
		F5BF48AA40CAD7891EB709FC /* PolReader.app */ = {isa = PBXFileReference; explicitFileType = wrapper.application; includeInIndex = 0; path = PolReader.app; sourceTree = BUILT_PRODUCTS_DIR; };
/* End PBXFileReference section */

/* Begin PBXFrameworksBuildPhase section */
		424153ED3CD079DB4DB459AF /* Frameworks */ = {
			isa = PBXFrameworksBuildPhase;
			buildActionMask = 2147483647;
			files = (
			);
			runOnlyForDeploymentPostprocessing = 0;
		};
/* End PBXFrameworksBuildPhase section */

/* Begin PBXGroup section */
		EA79A35834FA38A41DD011CE /* Data */ = {
			isa = PBXGroup;
			children = (
				F8CE16F65A4D0AC6AF2E2629 /* CatalogStore.swift */,
				E08E81AF0686153C625539CB /* FilterStore.swift */,
				A7BA86039F17C5EB28AA6C18 /* LibraryStore.swift */,
				A6E1B82BE2FB9190303FD7DF /* Persistence.swift */,
				C5DBD607078213B605590643 /* SettingsStore.swift */,
				2E7C602DAD1AFF44CE44288D /* ThreadStore.swift */,
			);
			path = Data;
			sourceTree = "<group>";
		};
		825314B95C80801ECF2B9C15 /* Media */ = {
			isa = PBXGroup;
			children = (
				4F7003D2D874520F4606392A /* GIFPlayer.swift */,
				B9C3877C8FD880001250D38B /* ImageLoader.swift */,
				7DEB8F5DFA2468657C66DAE7 /* MediaSaver.swift */,
				B9A655187FF8AD54A6ACA630 /* VideoSupport.swift */,
			);
			path = Media;
			sourceTree = "<group>";
		};
		7F99D6783E0104E4DDDB02B9 /* Model */ = {
			isa = PBXGroup;
			children = (
				AB91938A64245CA13ED52708 /* Board.swift */,
				A67485C270A9964667034B18 /* Lenient.swift */,
				57AFA43291BAF9186B836B0E /* LoadPhase.swift */,
				235C28F309F016E33E07107D /* Post.swift */,
				E5EF7FF7A692C98917326B14 /* Responses.swift */,
			);
			path = Model;
			sourceTree = "<group>";
		};
		87F163F65E16D8A46E35EC29 /* Net */ = {
			isa = PBXGroup;
			children = (
				A2E3030B10F0FB2915D70377 /* ChanAPI.swift */,
				246217A7161A64862E6D6684 /* ChanError.swift */,
				231F6FA60539CD9E3EF4BA29 /* MediaURL.swift */,
			);
			path = Net;
			sourceTree = "<group>";
		};
		D027C7983FA1E3DF00BC162A /* Text */ = {
			isa = PBXGroup;
			children = (
				BC365C968C6E3DEA544E2BF6 /* CommentMarkup.swift */,
			);
			path = Text;
			sourceTree = "<group>";
		};
		4E2E76378B0407661B723EB9 /* Thread */ = {
			isa = PBXGroup;
			children = (
				8C60654BFE912BEA208DD668 /* ThreadIndex.swift */,
			);
			path = Thread;
			sourceTree = "<group>";
		};
		1D995A801E9CF1BA0CEBF09E /* UI */ = {
			isa = PBXGroup;
			children = (
				0BA2E217F2727C594D48D22A /* AnimatedImage.swift */,
				FD48A640622EB7A352E1CE1E /* AttachmentViewer.swift */,
				BFF73B4BBA04CD30FC9C1821 /* CatalogScreen.swift */,
				B7B000930188C89B0ADCDFC1 /* CommentBody.swift */,
				9446181605A92BD03A9B2EBF /* Navigation.swift */,
				9DEB8E6CF0C458BAA6CFDC6E /* Palette.swift */,
				788F57A35E7E94779712B92A /* PostRow.swift */,
				F78649B61A19CDABB7052BB5 /* RemoteImage.swift */,
				8E184F84906A6E5AAD2763BD /* RootView.swift */,
				CAA421E3485606FCB78CBD70 /* SafariSheet.swift */,
				E9A714D58463A05EB7CBBF81 /* SettingsScreen.swift */,
				8A2063E102914B1823C6AA7E /* StateViews.swift */,
				1D921D1695CA4ABC8BCC38E8 /* ThreadScreen.swift */,
				7F01274D1194327B87617499 /* VideoPlayerView.swift */,
				E460017CA93275D6518B4679 /* WatchedScreen.swift */,
			);
			path = UI;
			sourceTree = "<group>";
		};
		492B41764D2631A358DCB0C7 /* PolReader */ = {
			isa = PBXGroup;
			children = (
				EA79A35834FA38A41DD011CE /* Data */,
				825314B95C80801ECF2B9C15 /* Media */,
				7F99D6783E0104E4DDDB02B9 /* Model */,
				87F163F65E16D8A46E35EC29 /* Net */,
				D027C7983FA1E3DF00BC162A /* Text */,
				4E2E76378B0407661B723EB9 /* Thread */,
				1D995A801E9CF1BA0CEBF09E /* UI */,
				F4520D96AC0EDB42E750BB2B /* Assets.xcassets */,
				12F1C9823B7D241C34392D7F /* Info.plist */,
				FA364F6C4CA25CECE61EA516 /* PolReaderApp.swift */,
			);
			path = PolReader;
			sourceTree = "<group>";
		};
		2F3A6B1E78F896718625FF06 /* Products */ = {
			isa = PBXGroup;
			children = (
				F5BF48AA40CAD7891EB709FC /* PolReader.app */,
			);
			name = Products;
			sourceTree = "<group>";
		};
		518DA81DB9B99529C0C0AEBE = {
			isa = PBXGroup;
			children = (
				492B41764D2631A358DCB0C7 /* PolReader */,
				2F3A6B1E78F896718625FF06 /* Products */,
			);
			sourceTree = "<group>";
		};
/* End PBXGroup section */

/* Begin PBXNativeTarget section */
		42AEFBAE01D2DFD981F7DA7D /* PolReader */ = {
			isa = PBXNativeTarget;
			buildConfigurationList = 354589B28580510B6EC24620 /* Build configuration list for PBXNativeTarget "PolReader" */;
			buildPhases = (
				7A70D71C385290AF96BF1031 /* Sources */,
				424153ED3CD079DB4DB459AF /* Frameworks */,
				285BB1C1430063331E9F5DD0 /* Resources */,
			);
			buildRules = (
			);
			dependencies = (
			);
			name = PolReader;
			productName = PolReader;
			productReference = F5BF48AA40CAD7891EB709FC /* PolReader.app */;
			productType = "com.apple.product-type.application";
		};
/* End PBXNativeTarget section */

/* Begin PBXProject section */
		46F86FAA6BBF9AC94A7E4595 /* Project object */ = {
			isa = PBXProject;
			attributes = {
				BuildIndependentTargetsInParallel = 1;
				LastSwiftUpdateCheck = 1500;
				LastUpgradeCheck = 1500;
				TargetAttributes = {
					42AEFBAE01D2DFD981F7DA7D = {
						CreatedOnToolsVersion = 15.0;
					};
				};
			};
			buildConfigurationList = 1F4E3D13C2320EDA50221924 /* Build configuration list for PBXProject "PolReader" */;
			compatibilityVersion = "Xcode 14.0";
			developmentRegion = en;
			hasScannedForEncodings = 0;
			knownRegions = (
				en,
				Base,
			);
			mainGroup = 518DA81DB9B99529C0C0AEBE;
			productRefGroup = 2F3A6B1E78F896718625FF06 /* Products */;
			projectDirPath = "";
			projectRoot = "";
			targets = (
				42AEFBAE01D2DFD981F7DA7D /* PolReader */,
			);
		};
/* End PBXProject section */

/* Begin PBXResourcesBuildPhase section */
		285BB1C1430063331E9F5DD0 /* Resources */ = {
			isa = PBXResourcesBuildPhase;
			buildActionMask = 2147483647;
			files = (
				7D1DBA83F5517888388F38D2 /* Assets.xcassets in Resources */,
			);
			runOnlyForDeploymentPostprocessing = 0;
		};
/* End PBXResourcesBuildPhase section */

/* Begin PBXSourcesBuildPhase section */
		7A70D71C385290AF96BF1031 /* Sources */ = {
			isa = PBXSourcesBuildPhase;
			buildActionMask = 2147483647;
			files = (
				AAF50A4CAC8E1CBED0F81BE4 /* CatalogStore.swift in Sources */,
				22359FE3A61965B2229868B8 /* FilterStore.swift in Sources */,
				D71C2E93F560C8505C0144B4 /* LibraryStore.swift in Sources */,
				0A87DAD7E835F144A2FCFB5B /* Persistence.swift in Sources */,
				6A1144B105442AE2E288F589 /* SettingsStore.swift in Sources */,
				2E4CF32DDADCFCABA7B947B9 /* ThreadStore.swift in Sources */,
				ED142EFB291E4F2AD74A7762 /* GIFPlayer.swift in Sources */,
				EF969B5A09588AB3E0312CF1 /* ImageLoader.swift in Sources */,
				9389C1B6D400EA33E0ECAF1A /* MediaSaver.swift in Sources */,
				D22A620E8E7FE371E347B9B2 /* VideoSupport.swift in Sources */,
				2F15229C60559B888B214507 /* Board.swift in Sources */,
				F915DFDA2AD0C76683BC3FC1 /* Lenient.swift in Sources */,
				AE04BBE9DAC850E084A8108E /* LoadPhase.swift in Sources */,
				1D7DE3E1D451D467369E0EF0 /* Post.swift in Sources */,
				CAAB4EDB9394894C03DAC64B /* Responses.swift in Sources */,
				98264E0620B06F7DB9A79F08 /* ChanAPI.swift in Sources */,
				4CD5241FDB9F4421A61D52E1 /* ChanError.swift in Sources */,
				5B53A2E06F788E40AE708E24 /* MediaURL.swift in Sources */,
				8428B3B7012BAA1575CD6466 /* PolReaderApp.swift in Sources */,
				D03C0D2DB1E6598C3D29EE45 /* CommentMarkup.swift in Sources */,
				AAE89A7ECFBB2BB34D99F697 /* ThreadIndex.swift in Sources */,
				6A08F7BF1BE5DE4F5AEB8832 /* AnimatedImage.swift in Sources */,
				F2D573C8991DB8AF41EF2BE9 /* AttachmentViewer.swift in Sources */,
				4680830406DC5C60D95F519A /* CatalogScreen.swift in Sources */,
				AC625586480F30F34539D8FC /* CommentBody.swift in Sources */,
				C815C381CFC8D5ECD5F515BC /* Navigation.swift in Sources */,
				07547BFBB15DAF37E94DBB5A /* Palette.swift in Sources */,
				AC075EB65C8448501E1CAFFC /* PostRow.swift in Sources */,
				BD9674DF3567F66168AA7A8A /* RemoteImage.swift in Sources */,
				8B112E87B79E01E1DFD5FF58 /* RootView.swift in Sources */,
				44675F5965825F5F9B9B116C /* SafariSheet.swift in Sources */,
				CF4BA855141D5184061311B0 /* SettingsScreen.swift in Sources */,
				B36D4738C87BCC8192FB7242 /* StateViews.swift in Sources */,
				285995188BF9D79BA915DEC4 /* ThreadScreen.swift in Sources */,
				87030A829BE6739C5EC26F26 /* VideoPlayerView.swift in Sources */,
				70FD0D779D630F8975F8A06E /* WatchedScreen.swift in Sources */,
			);
			runOnlyForDeploymentPostprocessing = 0;
		};
/* End PBXSourcesBuildPhase section */

/* Begin XCBuildConfiguration section */
		4A43692AD8BCEEB8B727C85B /* Debug */ = {
			isa = XCBuildConfiguration;
			buildSettings = {
				ALWAYS_SEARCH_USER_PATHS = NO;
				CLANG_ANALYZER_NONNULL = YES;
				CLANG_ENABLE_MODULES = YES;
				CLANG_ENABLE_OBJC_ARC = YES;
				COPY_PHASE_STRIP = NO;
				ENABLE_STRICT_OBJC_MSGSEND = YES;
				GCC_C_LANGUAGE_STANDARD = gnu11;
				GCC_NO_COMMON_BLOCKS = YES;
				IPHONEOS_DEPLOYMENT_TARGET = 16.0;
				SDKROOT = iphoneos;
				SWIFT_STRICT_CONCURRENCY = minimal;
				SWIFT_VERSION = 5.0;
				DEBUG_INFORMATION_FORMAT = dwarf;
				ENABLE_TESTABILITY = YES;
				GCC_OPTIMIZATION_LEVEL = 0;
				GCC_PREPROCESSOR_DEFINITIONS = (
					"DEBUG=1",
					"$(inherited)",
				);
				MTL_ENABLE_DEBUG_INFO = INCLUDE_SOURCE;
				ONLY_ACTIVE_ARCH = YES;
				SWIFT_ACTIVE_COMPILATION_CONDITIONS = DEBUG;
				SWIFT_OPTIMIZATION_LEVEL = "-Onone";
			};
			name = Debug;
		};
		C28449456A5A705A7479770B /* Release */ = {
			isa = XCBuildConfiguration;
			buildSettings = {
				ALWAYS_SEARCH_USER_PATHS = NO;
				CLANG_ANALYZER_NONNULL = YES;
				CLANG_ENABLE_MODULES = YES;
				CLANG_ENABLE_OBJC_ARC = YES;
				COPY_PHASE_STRIP = NO;
				ENABLE_STRICT_OBJC_MSGSEND = YES;
				GCC_C_LANGUAGE_STANDARD = gnu11;
				GCC_NO_COMMON_BLOCKS = YES;
				IPHONEOS_DEPLOYMENT_TARGET = 16.0;
				SDKROOT = iphoneos;
				SWIFT_STRICT_CONCURRENCY = minimal;
				SWIFT_VERSION = 5.0;
				DEBUG_INFORMATION_FORMAT = "dwarf-with-dsym";
				ENABLE_NS_ASSERTIONS = NO;
				GCC_OPTIMIZATION_LEVEL = s;
				MTL_ENABLE_DEBUG_INFO = NO;
				SWIFT_COMPILATION_MODE = wholemodule;
				SWIFT_OPTIMIZATION_LEVEL = "-O";
				VALIDATE_PRODUCT = YES;
			};
			name = Release;
		};
		4D8F6610AF6606489ED8DFBC /* Debug */ = {
			isa = XCBuildConfiguration;
			buildSettings = {
				ASSETCATALOG_COMPILER_APPICON_NAME = AppIcon;
				ASSETCATALOG_COMPILER_GLOBAL_ACCENT_COLOR_NAME = AccentColor;
				CODE_SIGN_STYLE = Automatic;
				CURRENT_PROJECT_VERSION = 1;
				ENABLE_PREVIEWS = YES;
				GENERATE_INFOPLIST_FILE = NO;
				INFOPLIST_FILE = PolReader/Info.plist;
				LD_RUNPATH_SEARCH_PATHS = (
					"$(inherited)",
					"@executable_path/Frameworks",
				);
				MARKETING_VERSION = 1.0;
				PRODUCT_BUNDLE_IDENTIFIER = com.nurtrino.polreader;
				PRODUCT_NAME = "$(TARGET_NAME)";
				SWIFT_EMIT_LOC_STRINGS = YES;
				TARGETED_DEVICE_FAMILY = "1,2";
			};
			name = Debug;
		};
		3DDF142C91E4BE3A6BA5A69E /* Release */ = {
			isa = XCBuildConfiguration;
			buildSettings = {
				ASSETCATALOG_COMPILER_APPICON_NAME = AppIcon;
				ASSETCATALOG_COMPILER_GLOBAL_ACCENT_COLOR_NAME = AccentColor;
				CODE_SIGN_STYLE = Automatic;
				CURRENT_PROJECT_VERSION = 1;
				ENABLE_PREVIEWS = YES;
				GENERATE_INFOPLIST_FILE = NO;
				INFOPLIST_FILE = PolReader/Info.plist;
				LD_RUNPATH_SEARCH_PATHS = (
					"$(inherited)",
					"@executable_path/Frameworks",
				);
				MARKETING_VERSION = 1.0;
				PRODUCT_BUNDLE_IDENTIFIER = com.nurtrino.polreader;
				PRODUCT_NAME = "$(TARGET_NAME)";
				SWIFT_EMIT_LOC_STRINGS = YES;
				TARGETED_DEVICE_FAMILY = "1,2";
			};
			name = Release;
		};
/* End XCBuildConfiguration section */

/* Begin XCConfigurationList section */
		1F4E3D13C2320EDA50221924 /* Build configuration list for PBXProject \"PolReader\" */ = {
			isa = XCConfigurationList;
			buildConfigurations = (
				4A43692AD8BCEEB8B727C85B /* Debug */,
				C28449456A5A705A7479770B /* Release */,
			);
			defaultConfigurationIsVisible = 0;
			defaultConfigurationName = Release;
		};
		354589B28580510B6EC24620 /* Build configuration list for PBXNativeTarget \"PolReader\" */ = {
			isa = XCConfigurationList;
			buildConfigurations = (
				4D8F6610AF6606489ED8DFBC /* Debug */,
				3DDF142C91E4BE3A6BA5A69E /* Release */,
			);
			defaultConfigurationIsVisible = 0;
			defaultConfigurationName = Release;
		};
/* End XCConfigurationList section */
	};
	rootObject = 46F86FAA6BBF9AC94A7E4595 /* Project object */;
}
