// !$*UTF8*$!
{
	archiveVersion = 1;
	classes = {
	};
	objectVersion = 56;
	objects = {

/* Begin PBXBuildFile section */
		70C1BFA8BCC846FB31EC7E53 /* AnthropicKeychain.swift in Sources */ = {isa = PBXBuildFile; fileRef = 0CDD2C92459C5AFEA99D1442 /* AnthropicKeychain.swift */; };
		411B440C4B3372469EF53D5F /* BackgroundRefresh.swift in Sources */ = {isa = PBXBuildFile; fileRef = E70A28B8902E68A3F6813249 /* BackgroundRefresh.swift */; };
		AAF50A4CAC8E1CBED0F81BE4 /* CatalogStore.swift in Sources */ = {isa = PBXBuildFile; fileRef = F8CE16F65A4D0AC6AF2E2629 /* CatalogStore.swift */; };
		F948981C113E1A6DFBF94A49 /* EconCalendar.swift in Sources */ = {isa = PBXBuildFile; fileRef = 17E54BF29217B4EAAD42249D /* EconCalendar.swift */; };
		70A4A14579843394E310DEB5 /* FeedStore.swift in Sources */ = {isa = PBXBuildFile; fileRef = 47BF0E27DDBA99497EC8437C /* FeedStore.swift */; };
		65D6FAEFFBC8B96C8923A213 /* LiveStore.swift in Sources */ = {isa = PBXBuildFile; fileRef = 054A57EF285A538DB89E09E1 /* LiveStore.swift */; };
		ACDF8BD64A27DE6E9FB5E4C3 /* MarketStore.swift in Sources */ = {isa = PBXBuildFile; fileRef = 206EC10CB1AA5D498C090A30 /* MarketStore.swift */; };
		0A87DAD7E835F144A2FCFB5B /* Persistence.swift in Sources */ = {isa = PBXBuildFile; fileRef = A6E1B82BE2FB9190303FD7DF /* Persistence.swift */; };
		CAE64E9C384CAF715C3CF136 /* ReadStore.swift in Sources */ = {isa = PBXBuildFile; fileRef = 9D90E8BD98E656DC546E625C /* ReadStore.swift */; };
		6A1144B105442AE2E288F589 /* SettingsStore.swift in Sources */ = {isa = PBXBuildFile; fileRef = C5DBD607078213B605590643 /* SettingsStore.swift */; };
		6D6218E7C17A71B6E0440B1A /* SteamKeychain.swift in Sources */ = {isa = PBXBuildFile; fileRef = 1D4EE295E6C2E57C117C3977 /* SteamKeychain.swift */; };
		E3A6C4D2A203D2A597E95724 /* SteamLibraryStore.swift in Sources */ = {isa = PBXBuildFile; fileRef = 4C00058D6BB8FEE621228721 /* SteamLibraryStore.swift */; };
		3B75498DA2625B093D24ABB3 /* SummaryStore.swift in Sources */ = {isa = PBXBuildFile; fileRef = D9A72F1BDA9063CEBAB40A28 /* SummaryStore.swift */; };
		ECDFFF90DBB5DAA3C9B069C5 /* DispatchApp.swift in Sources */ = {isa = PBXBuildFile; fileRef = D1014EA5283101212F57FE36 /* DispatchApp.swift */; };
		EF969B5A09588AB3E0312CF1 /* ImageLoader.swift in Sources */ = {isa = PBXBuildFile; fileRef = B9C3877C8FD880001250D38B /* ImageLoader.swift */; };
		03B6A429639BC18F2A422D64 /* Article.swift in Sources */ = {isa = PBXBuildFile; fileRef = D3F6D0591B39233732992240 /* Article.swift */; };
		E1CFDE1136CC9447FD9EC45B /* LiveChannel.swift in Sources */ = {isa = PBXBuildFile; fileRef = 65C4669634F80062D61AAD2A /* LiveChannel.swift */; };
		AE04BBE9DAC850E084A8108E /* LoadPhase.swift in Sources */ = {isa = PBXBuildFile; fileRef = 57AFA43291BAF9186B836B0E /* LoadPhase.swift */; };
		3E61F3D25A13B6B29105FF61 /* Source.swift in Sources */ = {isa = PBXBuildFile; fileRef = 21052814FC0FCBAEBA6BA9F1 /* Source.swift */; };
		E6F1C061C96876A55E735AC0 /* Topic.swift in Sources */ = {isa = PBXBuildFile; fileRef = 254C0286B16A5F6C45F25778 /* Topic.swift */; };
		5E4FF362E2595D429A9EBBCB /* ClassifierAPI.swift in Sources */ = {isa = PBXBuildFile; fileRef = 4F5DFA795922CCA9994AE175 /* ClassifierAPI.swift */; };
		275BE575120B33EA0C441C2F /* DateParsing.swift in Sources */ = {isa = PBXBuildFile; fileRef = 9EAAF632C76729287776DE2D /* DateParsing.swift */; };
		9B845936C6EE15A9AB971428 /* FeedError.swift in Sources */ = {isa = PBXBuildFile; fileRef = E1DDDBC1123BFFC121FC9E78 /* FeedError.swift */; };
		2225E7994A34AFE26B9C063A /* FeedParser.swift in Sources */ = {isa = PBXBuildFile; fileRef = B789E48260DBC08133AB60FC /* FeedParser.swift */; };
		906E8BEBB9500A528B02D406 /* FredAPI.swift in Sources */ = {isa = PBXBuildFile; fileRef = F246F9AEBA93CCC542245298 /* FredAPI.swift */; };
		1DBA84CDC7609847A0782805 /* HTMLDocument.swift in Sources */ = {isa = PBXBuildFile; fileRef = 579793137372A165F0C5A133 /* HTMLDocument.swift */; };
		0372AAF8DE04EF79608F38FE /* HTMLText.swift in Sources */ = {isa = PBXBuildFile; fileRef = 0F42AE2F5E4384C3D680CEF8 /* HTMLText.swift */; };
		B38D0D4421E32E29D043D42C /* HTTP.swift in Sources */ = {isa = PBXBuildFile; fileRef = 5DDD50BD6945626EF15B7925 /* HTTP.swift */; };
		294CEED6F76C120C7E9BACAE /* LinkResolver.swift in Sources */ = {isa = PBXBuildFile; fileRef = 372C70CF44E023EBF1EB2F5F /* LinkResolver.swift */; };
		59494A8F760057687C45BA25 /* MarketAPI.swift in Sources */ = {isa = PBXBuildFile; fileRef = A6EBA4D2B8CA9EBE1DBC3B70 /* MarketAPI.swift */; };
		C4D453AB3E9AE9A26A7031F5 /* SourceLoader.swift in Sources */ = {isa = PBXBuildFile; fileRef = 69E4D182702B5DB9EC5C6DE0 /* SourceLoader.swift */; };
		221625BE514FF404D2FFBBAA /* SteamAPI.swift in Sources */ = {isa = PBXBuildFile; fileRef = 2A8A6F5B8DEC1535E64C7A26 /* SteamAPI.swift */; };
		BB396616F4C22EB33B71CEEA /* SummaryAPI.swift in Sources */ = {isa = PBXBuildFile; fileRef = 61DEAA563EE49548B894C9BF /* SummaryAPI.swift */; };
		EB326896A36B94466CB2CA91 /* TelegramFeed.swift in Sources */ = {isa = PBXBuildFile; fileRef = B673B4713184D0E562A848CD /* TelegramFeed.swift */; };
		88307C2EAFEDFABCE6055CFB /* TopicClassifier.swift in Sources */ = {isa = PBXBuildFile; fileRef = B59898DD6E4CA469F7A50F08 /* TopicClassifier.swift */; };
		51426950CE9DD6833D2EFB4E /* TopicLexicon.swift in Sources */ = {isa = PBXBuildFile; fileRef = 0FF5F0575A8C2DB2B06F4DB6 /* TopicLexicon.swift */; };
		AD4D5F3BC0404E0E6E689705 /* XBridge.swift in Sources */ = {isa = PBXBuildFile; fileRef = 5FC8589BB3EDAA099E107986 /* XBridge.swift */; };
		99EA909A892950EF50D46169 /* XMLSanitizer.swift in Sources */ = {isa = PBXBuildFile; fileRef = CBD0E91008B37815522E1B0C /* XMLSanitizer.swift */; };
		AD6B19744C0850CD4EABAF76 /* YouTubeLive.swift in Sources */ = {isa = PBXBuildFile; fileRef = 9348074D00721471F76C0DC7 /* YouTubeLive.swift */; };
		230F2C480606A8A1E6352E1A /* ArticleRow.swift in Sources */ = {isa = PBXBuildFile; fileRef = 8CD926394826B241F5FE0317 /* ArticleRow.swift */; };
		3F80A0438311DAD53A8DE500 /* ArticleScreen.swift in Sources */ = {isa = PBXBuildFile; fileRef = D3465DD33745286024B19A4C /* ArticleScreen.swift */; };
		344BC7C32829183B0BAA94C6 /* BriefSection.swift in Sources */ = {isa = PBXBuildFile; fileRef = 0D362DDC6F0351E2171F7AE7 /* BriefSection.swift */; };
		013506D0BFDCCBF577A9A164 /* CalendarStrip.swift in Sources */ = {isa = PBXBuildFile; fileRef = C9D3DACBE2096CA8DC6AD2D8 /* CalendarStrip.swift */; };
		DD09502277299121CF669D22 /* Components.swift in Sources */ = {isa = PBXBuildFile; fileRef = 49D89ED03E47731FDCF52E8C /* Components.swift */; };
		972899440BEA71075CDB2B0F /* EventDetailSheet.swift in Sources */ = {isa = PBXBuildFile; fileRef = C64463572472CE499F9D4CCE /* EventDetailSheet.swift */; };
		E67EE9DB901E4E3A39DDCB79 /* LiveChannelsScreen.swift in Sources */ = {isa = PBXBuildFile; fileRef = 267792AE7691941A7A71A4BE /* LiveChannelsScreen.swift */; };
		6B98637B3C47EEF623757AD0 /* LiveRail.swift in Sources */ = {isa = PBXBuildFile; fileRef = 17598EA4D49AA37CC24CBFD7 /* LiveRail.swift */; };
		BDAE248871C8BFF174A417B7 /* MarketCard.swift in Sources */ = {isa = PBXBuildFile; fileRef = 017861F3141FB4C84549C7A0 /* MarketCard.swift */; };
		C83F09E33CB9E722634E90B3 /* PlayerSheets.swift in Sources */ = {isa = PBXBuildFile; fileRef = 4B2BAD54464428399A9DA463 /* PlayerSheets.swift */; };
		8B112E87B79E01E1DFD5FF58 /* RootView.swift in Sources */ = {isa = PBXBuildFile; fileRef = 8E184F84906A6E5AAD2763BD /* RootView.swift */; };
		44675F5965825F5F9B9B116C /* SafariSheet.swift in Sources */ = {isa = PBXBuildFile; fileRef = CAA421E3485606FCB78CBD70 /* SafariSheet.swift */; };
		BEBC0250F571C48C4F8A4C32 /* SavedScreen.swift in Sources */ = {isa = PBXBuildFile; fileRef = 3B0E3DB0426F78163AB9F2E8 /* SavedScreen.swift */; };
		C7A99FE99A498D8EE5BB4852 /* SearchScreen.swift in Sources */ = {isa = PBXBuildFile; fileRef = 0CC5C00AFE1A5737AEDBCAF0 /* SearchScreen.swift */; };
		CF4BA855141D5184061311B0 /* SettingsScreen.swift in Sources */ = {isa = PBXBuildFile; fileRef = E9A714D58463A05EB7CBBF81 /* SettingsScreen.swift */; };
		4FF87FD2C5A74D16E0FF3EC4 /* SourceBlocks.swift in Sources */ = {isa = PBXBuildFile; fileRef = B5D44E44FDA3FB3D85014CF2 /* SourceBlocks.swift */; };
		7F229921B6E8FBCCCCDAD88E /* SourcesScreen.swift in Sources */ = {isa = PBXBuildFile; fileRef = B9E3DD25135C9C0D53F5BBA0 /* SourcesScreen.swift */; };
		FAA11FA40B6BDF4279B1A4F4 /* SteamScreen.swift in Sources */ = {isa = PBXBuildFile; fileRef = 413A51F272E252AC79264436 /* SteamScreen.swift */; };
		8A8E421CC2CB555BAF70516D /* SummariesScreen.swift in Sources */ = {isa = PBXBuildFile; fileRef = 0D90DDB7669CB184ED772045 /* SummariesScreen.swift */; };
		2D93FE15A135FA5A94F180FC /* TopicFeedList.swift in Sources */ = {isa = PBXBuildFile; fileRef = C85EAC310134C51FB0218B23 /* TopicFeedList.swift */; };
		1DCE5A280B4003A7477E8437 /* TopicScreens.swift in Sources */ = {isa = PBXBuildFile; fileRef = 5059EC23E81C5AF23B810A7E /* TopicScreens.swift */; };
		7A148C487742E5CF82042E8A /* XBridgeScreen.swift in Sources */ = {isa = PBXBuildFile; fileRef = F1E6979FCF89F1CF79911861 /* XBridgeScreen.swift */; };
		7D1DBA83F5517888388F38D2 /* Assets.xcassets in Resources */ = {isa = PBXBuildFile; fileRef = F4520D96AC0EDB42E750BB2B /* Assets.xcassets */; };
/* End PBXBuildFile section */

/* Begin PBXFileReference section */
		F4520D96AC0EDB42E750BB2B /* Assets.xcassets */ = {isa = PBXFileReference; lastKnownFileType = folder.assetcatalog; path = Assets.xcassets; sourceTree = "<group>"; };
		0CDD2C92459C5AFEA99D1442 /* AnthropicKeychain.swift */ = {isa = PBXFileReference; lastKnownFileType = sourcecode.swift; path = AnthropicKeychain.swift; sourceTree = "<group>"; };
		E70A28B8902E68A3F6813249 /* BackgroundRefresh.swift */ = {isa = PBXFileReference; lastKnownFileType = sourcecode.swift; path = BackgroundRefresh.swift; sourceTree = "<group>"; };
		F8CE16F65A4D0AC6AF2E2629 /* CatalogStore.swift */ = {isa = PBXFileReference; lastKnownFileType = sourcecode.swift; path = CatalogStore.swift; sourceTree = "<group>"; };
		17E54BF29217B4EAAD42249D /* EconCalendar.swift */ = {isa = PBXFileReference; lastKnownFileType = sourcecode.swift; path = EconCalendar.swift; sourceTree = "<group>"; };
		47BF0E27DDBA99497EC8437C /* FeedStore.swift */ = {isa = PBXFileReference; lastKnownFileType = sourcecode.swift; path = FeedStore.swift; sourceTree = "<group>"; };
		054A57EF285A538DB89E09E1 /* LiveStore.swift */ = {isa = PBXFileReference; lastKnownFileType = sourcecode.swift; path = LiveStore.swift; sourceTree = "<group>"; };
		206EC10CB1AA5D498C090A30 /* MarketStore.swift */ = {isa = PBXFileReference; lastKnownFileType = sourcecode.swift; path = MarketStore.swift; sourceTree = "<group>"; };
		A6E1B82BE2FB9190303FD7DF /* Persistence.swift */ = {isa = PBXFileReference; lastKnownFileType = sourcecode.swift; path = Persistence.swift; sourceTree = "<group>"; };
		9D90E8BD98E656DC546E625C /* ReadStore.swift */ = {isa = PBXFileReference; lastKnownFileType = sourcecode.swift; path = ReadStore.swift; sourceTree = "<group>"; };
		C5DBD607078213B605590643 /* SettingsStore.swift */ = {isa = PBXFileReference; lastKnownFileType = sourcecode.swift; path = SettingsStore.swift; sourceTree = "<group>"; };
		1D4EE295E6C2E57C117C3977 /* SteamKeychain.swift */ = {isa = PBXFileReference; lastKnownFileType = sourcecode.swift; path = SteamKeychain.swift; sourceTree = "<group>"; };
		4C00058D6BB8FEE621228721 /* SteamLibraryStore.swift */ = {isa = PBXFileReference; lastKnownFileType = sourcecode.swift; path = SteamLibraryStore.swift; sourceTree = "<group>"; };
		D9A72F1BDA9063CEBAB40A28 /* SummaryStore.swift */ = {isa = PBXFileReference; lastKnownFileType = sourcecode.swift; path = SummaryStore.swift; sourceTree = "<group>"; };
		D1014EA5283101212F57FE36 /* DispatchApp.swift */ = {isa = PBXFileReference; lastKnownFileType = sourcecode.swift; path = DispatchApp.swift; sourceTree = "<group>"; };
		12F1C9823B7D241C34392D7F /* Info.plist */ = {isa = PBXFileReference; lastKnownFileType = text.plist.xml; path = Info.plist; sourceTree = "<group>"; };
		B9C3877C8FD880001250D38B /* ImageLoader.swift */ = {isa = PBXFileReference; lastKnownFileType = sourcecode.swift; path = ImageLoader.swift; sourceTree = "<group>"; };
		D3F6D0591B39233732992240 /* Article.swift */ = {isa = PBXFileReference; lastKnownFileType = sourcecode.swift; path = Article.swift; sourceTree = "<group>"; };
		65C4669634F80062D61AAD2A /* LiveChannel.swift */ = {isa = PBXFileReference; lastKnownFileType = sourcecode.swift; path = LiveChannel.swift; sourceTree = "<group>"; };
		57AFA43291BAF9186B836B0E /* LoadPhase.swift */ = {isa = PBXFileReference; lastKnownFileType = sourcecode.swift; path = LoadPhase.swift; sourceTree = "<group>"; };
		21052814FC0FCBAEBA6BA9F1 /* Source.swift */ = {isa = PBXFileReference; lastKnownFileType = sourcecode.swift; path = Source.swift; sourceTree = "<group>"; };
		254C0286B16A5F6C45F25778 /* Topic.swift */ = {isa = PBXFileReference; lastKnownFileType = sourcecode.swift; path = Topic.swift; sourceTree = "<group>"; };
		4F5DFA795922CCA9994AE175 /* ClassifierAPI.swift */ = {isa = PBXFileReference; lastKnownFileType = sourcecode.swift; path = ClassifierAPI.swift; sourceTree = "<group>"; };
		9EAAF632C76729287776DE2D /* DateParsing.swift */ = {isa = PBXFileReference; lastKnownFileType = sourcecode.swift; path = DateParsing.swift; sourceTree = "<group>"; };
		E1DDDBC1123BFFC121FC9E78 /* FeedError.swift */ = {isa = PBXFileReference; lastKnownFileType = sourcecode.swift; path = FeedError.swift; sourceTree = "<group>"; };
		B789E48260DBC08133AB60FC /* FeedParser.swift */ = {isa = PBXFileReference; lastKnownFileType = sourcecode.swift; path = FeedParser.swift; sourceTree = "<group>"; };
		F246F9AEBA93CCC542245298 /* FredAPI.swift */ = {isa = PBXFileReference; lastKnownFileType = sourcecode.swift; path = FredAPI.swift; sourceTree = "<group>"; };
		579793137372A165F0C5A133 /* HTMLDocument.swift */ = {isa = PBXFileReference; lastKnownFileType = sourcecode.swift; path = HTMLDocument.swift; sourceTree = "<group>"; };
		0F42AE2F5E4384C3D680CEF8 /* HTMLText.swift */ = {isa = PBXFileReference; lastKnownFileType = sourcecode.swift; path = HTMLText.swift; sourceTree = "<group>"; };
		5DDD50BD6945626EF15B7925 /* HTTP.swift */ = {isa = PBXFileReference; lastKnownFileType = sourcecode.swift; path = HTTP.swift; sourceTree = "<group>"; };
		372C70CF44E023EBF1EB2F5F /* LinkResolver.swift */ = {isa = PBXFileReference; lastKnownFileType = sourcecode.swift; path = LinkResolver.swift; sourceTree = "<group>"; };
		A6EBA4D2B8CA9EBE1DBC3B70 /* MarketAPI.swift */ = {isa = PBXFileReference; lastKnownFileType = sourcecode.swift; path = MarketAPI.swift; sourceTree = "<group>"; };
		69E4D182702B5DB9EC5C6DE0 /* SourceLoader.swift */ = {isa = PBXFileReference; lastKnownFileType = sourcecode.swift; path = SourceLoader.swift; sourceTree = "<group>"; };
		2A8A6F5B8DEC1535E64C7A26 /* SteamAPI.swift */ = {isa = PBXFileReference; lastKnownFileType = sourcecode.swift; path = SteamAPI.swift; sourceTree = "<group>"; };
		61DEAA563EE49548B894C9BF /* SummaryAPI.swift */ = {isa = PBXFileReference; lastKnownFileType = sourcecode.swift; path = SummaryAPI.swift; sourceTree = "<group>"; };
		B673B4713184D0E562A848CD /* TelegramFeed.swift */ = {isa = PBXFileReference; lastKnownFileType = sourcecode.swift; path = TelegramFeed.swift; sourceTree = "<group>"; };
		B59898DD6E4CA469F7A50F08 /* TopicClassifier.swift */ = {isa = PBXFileReference; lastKnownFileType = sourcecode.swift; path = TopicClassifier.swift; sourceTree = "<group>"; };
		0FF5F0575A8C2DB2B06F4DB6 /* TopicLexicon.swift */ = {isa = PBXFileReference; lastKnownFileType = sourcecode.swift; path = TopicLexicon.swift; sourceTree = "<group>"; };
		5FC8589BB3EDAA099E107986 /* XBridge.swift */ = {isa = PBXFileReference; lastKnownFileType = sourcecode.swift; path = XBridge.swift; sourceTree = "<group>"; };
		CBD0E91008B37815522E1B0C /* XMLSanitizer.swift */ = {isa = PBXFileReference; lastKnownFileType = sourcecode.swift; path = XMLSanitizer.swift; sourceTree = "<group>"; };
		9348074D00721471F76C0DC7 /* YouTubeLive.swift */ = {isa = PBXFileReference; lastKnownFileType = sourcecode.swift; path = YouTubeLive.swift; sourceTree = "<group>"; };
		8CD926394826B241F5FE0317 /* ArticleRow.swift */ = {isa = PBXFileReference; lastKnownFileType = sourcecode.swift; path = ArticleRow.swift; sourceTree = "<group>"; };
		D3465DD33745286024B19A4C /* ArticleScreen.swift */ = {isa = PBXFileReference; lastKnownFileType = sourcecode.swift; path = ArticleScreen.swift; sourceTree = "<group>"; };
		0D362DDC6F0351E2171F7AE7 /* BriefSection.swift */ = {isa = PBXFileReference; lastKnownFileType = sourcecode.swift; path = BriefSection.swift; sourceTree = "<group>"; };
		C9D3DACBE2096CA8DC6AD2D8 /* CalendarStrip.swift */ = {isa = PBXFileReference; lastKnownFileType = sourcecode.swift; path = CalendarStrip.swift; sourceTree = "<group>"; };
		49D89ED03E47731FDCF52E8C /* Components.swift */ = {isa = PBXFileReference; lastKnownFileType = sourcecode.swift; path = Components.swift; sourceTree = "<group>"; };
		C64463572472CE499F9D4CCE /* EventDetailSheet.swift */ = {isa = PBXFileReference; lastKnownFileType = sourcecode.swift; path = EventDetailSheet.swift; sourceTree = "<group>"; };
		267792AE7691941A7A71A4BE /* LiveChannelsScreen.swift */ = {isa = PBXFileReference; lastKnownFileType = sourcecode.swift; path = LiveChannelsScreen.swift; sourceTree = "<group>"; };
		17598EA4D49AA37CC24CBFD7 /* LiveRail.swift */ = {isa = PBXFileReference; lastKnownFileType = sourcecode.swift; path = LiveRail.swift; sourceTree = "<group>"; };
		017861F3141FB4C84549C7A0 /* MarketCard.swift */ = {isa = PBXFileReference; lastKnownFileType = sourcecode.swift; path = MarketCard.swift; sourceTree = "<group>"; };
		4B2BAD54464428399A9DA463 /* PlayerSheets.swift */ = {isa = PBXFileReference; lastKnownFileType = sourcecode.swift; path = PlayerSheets.swift; sourceTree = "<group>"; };
		8E184F84906A6E5AAD2763BD /* RootView.swift */ = {isa = PBXFileReference; lastKnownFileType = sourcecode.swift; path = RootView.swift; sourceTree = "<group>"; };
		CAA421E3485606FCB78CBD70 /* SafariSheet.swift */ = {isa = PBXFileReference; lastKnownFileType = sourcecode.swift; path = SafariSheet.swift; sourceTree = "<group>"; };
		3B0E3DB0426F78163AB9F2E8 /* SavedScreen.swift */ = {isa = PBXFileReference; lastKnownFileType = sourcecode.swift; path = SavedScreen.swift; sourceTree = "<group>"; };
		0CC5C00AFE1A5737AEDBCAF0 /* SearchScreen.swift */ = {isa = PBXFileReference; lastKnownFileType = sourcecode.swift; path = SearchScreen.swift; sourceTree = "<group>"; };
		E9A714D58463A05EB7CBBF81 /* SettingsScreen.swift */ = {isa = PBXFileReference; lastKnownFileType = sourcecode.swift; path = SettingsScreen.swift; sourceTree = "<group>"; };
		B5D44E44FDA3FB3D85014CF2 /* SourceBlocks.swift */ = {isa = PBXFileReference; lastKnownFileType = sourcecode.swift; path = SourceBlocks.swift; sourceTree = "<group>"; };
		B9E3DD25135C9C0D53F5BBA0 /* SourcesScreen.swift */ = {isa = PBXFileReference; lastKnownFileType = sourcecode.swift; path = SourcesScreen.swift; sourceTree = "<group>"; };
		413A51F272E252AC79264436 /* SteamScreen.swift */ = {isa = PBXFileReference; lastKnownFileType = sourcecode.swift; path = SteamScreen.swift; sourceTree = "<group>"; };
		0D90DDB7669CB184ED772045 /* SummariesScreen.swift */ = {isa = PBXFileReference; lastKnownFileType = sourcecode.swift; path = SummariesScreen.swift; sourceTree = "<group>"; };
		C85EAC310134C51FB0218B23 /* TopicFeedList.swift */ = {isa = PBXFileReference; lastKnownFileType = sourcecode.swift; path = TopicFeedList.swift; sourceTree = "<group>"; };
		5059EC23E81C5AF23B810A7E /* TopicScreens.swift */ = {isa = PBXFileReference; lastKnownFileType = sourcecode.swift; path = TopicScreens.swift; sourceTree = "<group>"; };
		F1E6979FCF89F1CF79911861 /* XBridgeScreen.swift */ = {isa = PBXFileReference; lastKnownFileType = sourcecode.swift; path = XBridgeScreen.swift; sourceTree = "<group>"; };
		F5BF48AA40CAD7891EB709FC /* Dispatch.app */ = {isa = PBXFileReference; explicitFileType = wrapper.application; includeInIndex = 0; path = Dispatch.app; sourceTree = BUILT_PRODUCTS_DIR; };
/* End PBXFileReference section */

/* Begin PBXFrameworksBuildPhase section */
		424153ED3CD079DB4DB459AF /* Frameworks */ = {
			isa = PBXFrameworksBuildPhase;
			buildActionMask = 2147483647;
			files = (
			);
			runOnlyForDeploymentPostprocessing = 0;
		};
/* End PBXFrameworksBuildPhase section */

/* Begin PBXGroup section */
		D2AFEDC4F7E36ABEC51A41F4 /* Data */ = {
			isa = PBXGroup;
			children = (
				0CDD2C92459C5AFEA99D1442 /* AnthropicKeychain.swift */,
				E70A28B8902E68A3F6813249 /* BackgroundRefresh.swift */,
				F8CE16F65A4D0AC6AF2E2629 /* CatalogStore.swift */,
				17E54BF29217B4EAAD42249D /* EconCalendar.swift */,
				47BF0E27DDBA99497EC8437C /* FeedStore.swift */,
				054A57EF285A538DB89E09E1 /* LiveStore.swift */,
				206EC10CB1AA5D498C090A30 /* MarketStore.swift */,
				A6E1B82BE2FB9190303FD7DF /* Persistence.swift */,
				9D90E8BD98E656DC546E625C /* ReadStore.swift */,
				C5DBD607078213B605590643 /* SettingsStore.swift */,
				1D4EE295E6C2E57C117C3977 /* SteamKeychain.swift */,
				4C00058D6BB8FEE621228721 /* SteamLibraryStore.swift */,
				D9A72F1BDA9063CEBAB40A28 /* SummaryStore.swift */,
			);
			path = Data;
			sourceTree = "<group>";
		};
		0C3A368D9279968D88E96FCB /* Media */ = {
			isa = PBXGroup;
			children = (
				B9C3877C8FD880001250D38B /* ImageLoader.swift */,
			);
			path = Media;
			sourceTree = "<group>";
		};
		4C355140436E29FCCA19F5AB /* Model */ = {
			isa = PBXGroup;
			children = (
				D3F6D0591B39233732992240 /* Article.swift */,
				65C4669634F80062D61AAD2A /* LiveChannel.swift */,
				57AFA43291BAF9186B836B0E /* LoadPhase.swift */,
				21052814FC0FCBAEBA6BA9F1 /* Source.swift */,
				254C0286B16A5F6C45F25778 /* Topic.swift */,
			);
			path = Model;
			sourceTree = "<group>";
		};
		C63F876FA9D55EE0F67D8E20 /* Net */ = {
			isa = PBXGroup;
			children = (
				4F5DFA795922CCA9994AE175 /* ClassifierAPI.swift */,
				9EAAF632C76729287776DE2D /* DateParsing.swift */,
				E1DDDBC1123BFFC121FC9E78 /* FeedError.swift */,
				B789E48260DBC08133AB60FC /* FeedParser.swift */,
				F246F9AEBA93CCC542245298 /* FredAPI.swift */,
				579793137372A165F0C5A133 /* HTMLDocument.swift */,
				0F42AE2F5E4384C3D680CEF8 /* HTMLText.swift */,
				5DDD50BD6945626EF15B7925 /* HTTP.swift */,
				372C70CF44E023EBF1EB2F5F /* LinkResolver.swift */,
				A6EBA4D2B8CA9EBE1DBC3B70 /* MarketAPI.swift */,
				69E4D182702B5DB9EC5C6DE0 /* SourceLoader.swift */,
				2A8A6F5B8DEC1535E64C7A26 /* SteamAPI.swift */,
				61DEAA563EE49548B894C9BF /* SummaryAPI.swift */,
				B673B4713184D0E562A848CD /* TelegramFeed.swift */,
				B59898DD6E4CA469F7A50F08 /* TopicClassifier.swift */,
				0FF5F0575A8C2DB2B06F4DB6 /* TopicLexicon.swift */,
				5FC8589BB3EDAA099E107986 /* XBridge.swift */,
				CBD0E91008B37815522E1B0C /* XMLSanitizer.swift */,
				9348074D00721471F76C0DC7 /* YouTubeLive.swift */,
			);
			path = Net;
			sourceTree = "<group>";
		};
		7DC32EB26ED58C03980D8C01 /* UI */ = {
			isa = PBXGroup;
			children = (
				8CD926394826B241F5FE0317 /* ArticleRow.swift */,
				D3465DD33745286024B19A4C /* ArticleScreen.swift */,
				0D362DDC6F0351E2171F7AE7 /* BriefSection.swift */,
				C9D3DACBE2096CA8DC6AD2D8 /* CalendarStrip.swift */,
				49D89ED03E47731FDCF52E8C /* Components.swift */,
				C64463572472CE499F9D4CCE /* EventDetailSheet.swift */,
				267792AE7691941A7A71A4BE /* LiveChannelsScreen.swift */,
				17598EA4D49AA37CC24CBFD7 /* LiveRail.swift */,
				017861F3141FB4C84549C7A0 /* MarketCard.swift */,
				4B2BAD54464428399A9DA463 /* PlayerSheets.swift */,
				8E184F84906A6E5AAD2763BD /* RootView.swift */,
				CAA421E3485606FCB78CBD70 /* SafariSheet.swift */,
				3B0E3DB0426F78163AB9F2E8 /* SavedScreen.swift */,
				0CC5C00AFE1A5737AEDBCAF0 /* SearchScreen.swift */,
				E9A714D58463A05EB7CBBF81 /* SettingsScreen.swift */,
				B5D44E44FDA3FB3D85014CF2 /* SourceBlocks.swift */,
				B9E3DD25135C9C0D53F5BBA0 /* SourcesScreen.swift */,
				413A51F272E252AC79264436 /* SteamScreen.swift */,
				0D90DDB7669CB184ED772045 /* SummariesScreen.swift */,
				C85EAC310134C51FB0218B23 /* TopicFeedList.swift */,
				5059EC23E81C5AF23B810A7E /* TopicScreens.swift */,
				F1E6979FCF89F1CF79911861 /* XBridgeScreen.swift */,
			);
			path = UI;
			sourceTree = "<group>";
		};
		105BCBAEA2E4E93012287B4C /* Dispatch */ = {
			isa = PBXGroup;
			children = (
				D2AFEDC4F7E36ABEC51A41F4 /* Data */,
				0C3A368D9279968D88E96FCB /* Media */,
				4C355140436E29FCCA19F5AB /* Model */,
				C63F876FA9D55EE0F67D8E20 /* Net */,
				7DC32EB26ED58C03980D8C01 /* UI */,
				F4520D96AC0EDB42E750BB2B /* Assets.xcassets */,
				D1014EA5283101212F57FE36 /* DispatchApp.swift */,
				12F1C9823B7D241C34392D7F /* Info.plist */,
			);
			path = Dispatch;
			sourceTree = "<group>";
		};
		2F3A6B1E78F896718625FF06 /* Products */ = {
			isa = PBXGroup;
			children = (
				F5BF48AA40CAD7891EB709FC /* Dispatch.app */,
			);
			name = Products;
			sourceTree = "<group>";
		};
		518DA81DB9B99529C0C0AEBE = {
			isa = PBXGroup;
			children = (
				105BCBAEA2E4E93012287B4C /* Dispatch */,
				2F3A6B1E78F896718625FF06 /* Products */,
			);
			sourceTree = "<group>";
		};
/* End PBXGroup section */

/* Begin PBXNativeTarget section */
		42AEFBAE01D2DFD981F7DA7D /* Dispatch */ = {
			isa = PBXNativeTarget;
			buildConfigurationList = 354589B28580510B6EC24620 /* Build configuration list for PBXNativeTarget "Dispatch" */;
			buildPhases = (
				7A70D71C385290AF96BF1031 /* Sources */,
				424153ED3CD079DB4DB459AF /* Frameworks */,
				285BB1C1430063331E9F5DD0 /* Resources */,
			);
			buildRules = (
			);
			dependencies = (
			);
			name = Dispatch;
			productName = Dispatch;
			productReference = F5BF48AA40CAD7891EB709FC /* Dispatch.app */;
			productType = "com.apple.product-type.application";
		};
/* End PBXNativeTarget section */

/* Begin PBXProject section */
		46F86FAA6BBF9AC94A7E4595 /* Project object */ = {
			isa = PBXProject;
			attributes = {
				BuildIndependentTargetsInParallel = 1;
				LastSwiftUpdateCheck = 1500;
				LastUpgradeCheck = 1500;
				TargetAttributes = {
					42AEFBAE01D2DFD981F7DA7D = {
						CreatedOnToolsVersion = 15.0;
					};
				};
			};
			buildConfigurationList = 1F4E3D13C2320EDA50221924 /* Build configuration list for PBXProject "Dispatch" */;
			compatibilityVersion = "Xcode 14.0";
			developmentRegion = en;
			hasScannedForEncodings = 0;
			knownRegions = (
				en,
				Base,
			);
			mainGroup = 518DA81DB9B99529C0C0AEBE;
			productRefGroup = 2F3A6B1E78F896718625FF06 /* Products */;
			projectDirPath = "";
			projectRoot = "";
			targets = (
				42AEFBAE01D2DFD981F7DA7D /* Dispatch */,
			);
		};
/* End PBXProject section */

/* Begin PBXResourcesBuildPhase section */
		285BB1C1430063331E9F5DD0 /* Resources */ = {
			isa = PBXResourcesBuildPhase;
			buildActionMask = 2147483647;
			files = (
				7D1DBA83F5517888388F38D2 /* Assets.xcassets in Resources */,
			);
			runOnlyForDeploymentPostprocessing = 0;
		};
/* End PBXResourcesBuildPhase section */

/* Begin PBXSourcesBuildPhase section */
		7A70D71C385290AF96BF1031 /* Sources */ = {
			isa = PBXSourcesBuildPhase;
			buildActionMask = 2147483647;
			files = (
				70C1BFA8BCC846FB31EC7E53 /* AnthropicKeychain.swift in Sources */,
				411B440C4B3372469EF53D5F /* BackgroundRefresh.swift in Sources */,
				AAF50A4CAC8E1CBED0F81BE4 /* CatalogStore.swift in Sources */,
				F948981C113E1A6DFBF94A49 /* EconCalendar.swift in Sources */,
				70A4A14579843394E310DEB5 /* FeedStore.swift in Sources */,
				65D6FAEFFBC8B96C8923A213 /* LiveStore.swift in Sources */,
				ACDF8BD64A27DE6E9FB5E4C3 /* MarketStore.swift in Sources */,
				0A87DAD7E835F144A2FCFB5B /* Persistence.swift in Sources */,
				CAE64E9C384CAF715C3CF136 /* ReadStore.swift in Sources */,
				6A1144B105442AE2E288F589 /* SettingsStore.swift in Sources */,
				6D6218E7C17A71B6E0440B1A /* SteamKeychain.swift in Sources */,
				E3A6C4D2A203D2A597E95724 /* SteamLibraryStore.swift in Sources */,
				3B75498DA2625B093D24ABB3 /* SummaryStore.swift in Sources */,
				ECDFFF90DBB5DAA3C9B069C5 /* DispatchApp.swift in Sources */,
				EF969B5A09588AB3E0312CF1 /* ImageLoader.swift in Sources */,
				03B6A429639BC18F2A422D64 /* Article.swift in Sources */,
				E1CFDE1136CC9447FD9EC45B /* LiveChannel.swift in Sources */,
				AE04BBE9DAC850E084A8108E /* LoadPhase.swift in Sources */,
				3E61F3D25A13B6B29105FF61 /* Source.swift in Sources */,
				E6F1C061C96876A55E735AC0 /* Topic.swift in Sources */,
				5E4FF362E2595D429A9EBBCB /* ClassifierAPI.swift in Sources */,
				275BE575120B33EA0C441C2F /* DateParsing.swift in Sources */,
				9B845936C6EE15A9AB971428 /* FeedError.swift in Sources */,
				2225E7994A34AFE26B9C063A /* FeedParser.swift in Sources */,
				906E8BEBB9500A528B02D406 /* FredAPI.swift in Sources */,
				1DBA84CDC7609847A0782805 /* HTMLDocument.swift in Sources */,
				0372AAF8DE04EF79608F38FE /* HTMLText.swift in Sources */,
				B38D0D4421E32E29D043D42C /* HTTP.swift in Sources */,
				294CEED6F76C120C7E9BACAE /* LinkResolver.swift in Sources */,
				59494A8F760057687C45BA25 /* MarketAPI.swift in Sources */,
				C4D453AB3E9AE9A26A7031F5 /* SourceLoader.swift in Sources */,
				221625BE514FF404D2FFBBAA /* SteamAPI.swift in Sources */,
				BB396616F4C22EB33B71CEEA /* SummaryAPI.swift in Sources */,
				EB326896A36B94466CB2CA91 /* TelegramFeed.swift in Sources */,
				88307C2EAFEDFABCE6055CFB /* TopicClassifier.swift in Sources */,
				51426950CE9DD6833D2EFB4E /* TopicLexicon.swift in Sources */,
				AD4D5F3BC0404E0E6E689705 /* XBridge.swift in Sources */,
				99EA909A892950EF50D46169 /* XMLSanitizer.swift in Sources */,
				AD6B19744C0850CD4EABAF76 /* YouTubeLive.swift in Sources */,
				230F2C480606A8A1E6352E1A /* ArticleRow.swift in Sources */,
				3F80A0438311DAD53A8DE500 /* ArticleScreen.swift in Sources */,
				344BC7C32829183B0BAA94C6 /* BriefSection.swift in Sources */,
				013506D0BFDCCBF577A9A164 /* CalendarStrip.swift in Sources */,
				DD09502277299121CF669D22 /* Components.swift in Sources */,
				972899440BEA71075CDB2B0F /* EventDetailSheet.swift in Sources */,
				E67EE9DB901E4E3A39DDCB79 /* LiveChannelsScreen.swift in Sources */,
				6B98637B3C47EEF623757AD0 /* LiveRail.swift in Sources */,
				BDAE248871C8BFF174A417B7 /* MarketCard.swift in Sources */,
				C83F09E33CB9E722634E90B3 /* PlayerSheets.swift in Sources */,
				8B112E87B79E01E1DFD5FF58 /* RootView.swift in Sources */,
				44675F5965825F5F9B9B116C /* SafariSheet.swift in Sources */,
				BEBC0250F571C48C4F8A4C32 /* SavedScreen.swift in Sources */,
				C7A99FE99A498D8EE5BB4852 /* SearchScreen.swift in Sources */,
				CF4BA855141D5184061311B0 /* SettingsScreen.swift in Sources */,
				4FF87FD2C5A74D16E0FF3EC4 /* SourceBlocks.swift in Sources */,
				7F229921B6E8FBCCCCDAD88E /* SourcesScreen.swift in Sources */,
				FAA11FA40B6BDF4279B1A4F4 /* SteamScreen.swift in Sources */,
				8A8E421CC2CB555BAF70516D /* SummariesScreen.swift in Sources */,
				2D93FE15A135FA5A94F180FC /* TopicFeedList.swift in Sources */,
				1DCE5A280B4003A7477E8437 /* TopicScreens.swift in Sources */,
				7A148C487742E5CF82042E8A /* XBridgeScreen.swift in Sources */,
			);
			runOnlyForDeploymentPostprocessing = 0;
		};
/* End PBXSourcesBuildPhase section */

/* Begin XCBuildConfiguration section */
		4A43692AD8BCEEB8B727C85B /* Debug */ = {
			isa = XCBuildConfiguration;
			buildSettings = {
				ALWAYS_SEARCH_USER_PATHS = NO;
				CLANG_ANALYZER_NONNULL = YES;
				CLANG_ENABLE_MODULES = YES;
				CLANG_ENABLE_OBJC_ARC = YES;
				COPY_PHASE_STRIP = NO;
				ENABLE_STRICT_OBJC_MSGSEND = YES;
				GCC_C_LANGUAGE_STANDARD = gnu11;
				GCC_NO_COMMON_BLOCKS = YES;
				IPHONEOS_DEPLOYMENT_TARGET = 16.0;
				SDKROOT = iphoneos;
				SWIFT_STRICT_CONCURRENCY = minimal;
				SWIFT_VERSION = 5.0;
				DEBUG_INFORMATION_FORMAT = dwarf;
				ENABLE_TESTABILITY = YES;
				GCC_OPTIMIZATION_LEVEL = 0;
				GCC_PREPROCESSOR_DEFINITIONS = (
					"DEBUG=1",
					"$(inherited)",
				);
				MTL_ENABLE_DEBUG_INFO = INCLUDE_SOURCE;
				ONLY_ACTIVE_ARCH = YES;
				SWIFT_ACTIVE_COMPILATION_CONDITIONS = DEBUG;
				SWIFT_OPTIMIZATION_LEVEL = "-Onone";
			};
			name = Debug;
		};
		C28449456A5A705A7479770B /* Release */ = {
			isa = XCBuildConfiguration;
			buildSettings = {
				ALWAYS_SEARCH_USER_PATHS = NO;
				CLANG_ANALYZER_NONNULL = YES;
				CLANG_ENABLE_MODULES = YES;
				CLANG_ENABLE_OBJC_ARC = YES;
				COPY_PHASE_STRIP = NO;
				ENABLE_STRICT_OBJC_MSGSEND = YES;
				GCC_C_LANGUAGE_STANDARD = gnu11;
				GCC_NO_COMMON_BLOCKS = YES;
				IPHONEOS_DEPLOYMENT_TARGET = 16.0;
				SDKROOT = iphoneos;
				SWIFT_STRICT_CONCURRENCY = minimal;
				SWIFT_VERSION = 5.0;
				DEBUG_INFORMATION_FORMAT = "dwarf-with-dsym";
				ENABLE_NS_ASSERTIONS = NO;
				GCC_OPTIMIZATION_LEVEL = s;
				MTL_ENABLE_DEBUG_INFO = NO;
				SWIFT_COMPILATION_MODE = wholemodule;
				SWIFT_OPTIMIZATION_LEVEL = "-O";
				VALIDATE_PRODUCT = YES;
			};
			name = Release;
		};
		4D8F6610AF6606489ED8DFBC /* Debug */ = {
			isa = XCBuildConfiguration;
			buildSettings = {
				ASSETCATALOG_COMPILER_APPICON_NAME = AppIcon;
				ASSETCATALOG_COMPILER_GLOBAL_ACCENT_COLOR_NAME = AccentColor;
				CODE_SIGN_STYLE = Automatic;
				CURRENT_PROJECT_VERSION = 1;
				ENABLE_PREVIEWS = YES;
				GENERATE_INFOPLIST_FILE = NO;
				INFOPLIST_FILE = Dispatch/Info.plist;
				LD_RUNPATH_SEARCH_PATHS = (
					"$(inherited)",
					"@executable_path/Frameworks",
				);
				MARKETING_VERSION = 1.0;
				PRODUCT_BUNDLE_IDENTIFIER = com.nurtrino.dispatch;
				PRODUCT_MODULE_NAME = DispatchNews;
				PRODUCT_NAME = "$(TARGET_NAME)";
				SWIFT_EMIT_LOC_STRINGS = YES;
				TARGETED_DEVICE_FAMILY = "1,2";
			};
			name = Debug;
		};
		3DDF142C91E4BE3A6BA5A69E /* Release */ = {
			isa = XCBuildConfiguration;
			buildSettings = {
				ASSETCATALOG_COMPILER_APPICON_NAME = AppIcon;
				ASSETCATALOG_COMPILER_GLOBAL_ACCENT_COLOR_NAME = AccentColor;
				CODE_SIGN_STYLE = Automatic;
				CURRENT_PROJECT_VERSION = 1;
				ENABLE_PREVIEWS = YES;
				GENERATE_INFOPLIST_FILE = NO;
				INFOPLIST_FILE = Dispatch/Info.plist;
				LD_RUNPATH_SEARCH_PATHS = (
					"$(inherited)",
					"@executable_path/Frameworks",
				);
				MARKETING_VERSION = 1.0;
				PRODUCT_BUNDLE_IDENTIFIER = com.nurtrino.dispatch;
				PRODUCT_MODULE_NAME = DispatchNews;
				PRODUCT_NAME = "$(TARGET_NAME)";
				SWIFT_EMIT_LOC_STRINGS = YES;
				TARGETED_DEVICE_FAMILY = "1,2";
			};
			name = Release;
		};
/* End XCBuildConfiguration section */

/* Begin XCConfigurationList section */
		1F4E3D13C2320EDA50221924 /* Build configuration list for PBXProject \"Dispatch\" */ = {
			isa = XCConfigurationList;
			buildConfigurations = (
				4A43692AD8BCEEB8B727C85B /* Debug */,
				C28449456A5A705A7479770B /* Release */,
			);
			defaultConfigurationIsVisible = 0;
			defaultConfigurationName = Release;
		};
		354589B28580510B6EC24620 /* Build configuration list for PBXNativeTarget \"Dispatch\" */ = {
			isa = XCConfigurationList;
			buildConfigurations = (
				4D8F6610AF6606489ED8DFBC /* Debug */,
				3DDF142C91E4BE3A6BA5A69E /* Release */,
			);
			defaultConfigurationIsVisible = 0;
			defaultConfigurationName = Release;
		};
/* End XCConfigurationList section */
	};
	rootObject = 46F86FAA6BBF9AC94A7E4595 /* Project object */;
}
